Microsoft Visual Studio Solution File, Format Version 12.00
# Visual Studio Version 17
VisualStudioVersion = 17.5.2.0
MinimumVisualStudioVersion = 10.0.40219.1
Project("{FAE04EC0-301F-11D3-BF4B-00C04F79EFBC}") = "LyricsForge.Api", "LyricsForge.Api.csproj", "{7DDC1154-C663-4990-8E3B-82A4ED207BCB}"
EndProject
Global
	GlobalSection(SolutionConfigurationPlatforms) = preSolution
		Debug|Any CPU = Debug|Any CPU
		Release|Any CPU = Release|Any CPU
	EndGlobalSection
	GlobalSection(ProjectConfigurationPlatforms) = postSolution
		{7DDC1154-C663-4990-8E3B-82A4ED207BCB}.Debug|Any CPU.ActiveCfg = Debug|Any CPU
		{7DDC1154-C663-4990-8E3B-82A4ED207BCB}.Debug|Any CPU.Build.0 = Debug|Any CPU
		{7DDC1154-C663-4990-8E3B-82A4ED207BCB}.Release|Any CPU.ActiveCfg = Release|Any CPU
		{7DDC1154-C663-4990-8E3B-82A4ED207BCB}.Release|Any CPU.Build.0 = Release|Any CPU
	EndGlobalSection
	GlobalSection(SolutionProperties) = preSolution
		HideSolutionNode = FALSE
	EndGlobalSection
	GlobalSection(ExtensibilityGlobals) = postSolution
		SolutionGuid = {F454E873-C145-476B-890E-9B532C8F33A9}
	EndGlobalSection
EndGlobal
